
Microsoft Visual Studio Solution File, Format Version 12.00
# Visual Studio 2015
Project("{FAE04EC0-301F-11D3-BF4B-00C04F79EFBC}") = "HFSM", "HFSM.csproj", "{6496EBC4-A517-59AA-5C78-B2571356102E}"
EndProject
Project("{FAE04EC0-301F-11D3-BF4B-00C04F79EFBC}") = "HFSM.Editor", "HFSM.Editor.csproj", "{EEB227C1-AFD4-D983-B00C-A72AFC461C88}"
EndProject
Global
	GlobalSection(SolutionConfigurationPlatforms) = preSolution
		Debug|Any CPU = Debug|Any CPU
		Release|Any CPU = Release|Any CPU
	EndGlobalSection
	GlobalSection(ProjectConfigurationPlatforms) = postSolution
		{6496EBC4-A517-59AA-5C78-B2571356102E}.Debug|Any CPU.ActiveCfg = Debug|Any CPU
		{6496EBC4-A517-59AA-5C78-B2571356102E}.Debug|Any CPU.Build.0 = Debug|Any CPU
		{6496EBC4-A517-59AA-5C78-B2571356102E}.Release|Any CPU.ActiveCfg = Release|Any CPU
		{6496EBC4-A517-59AA-5C78-B2571356102E}.Release|Any CPU.Build.0 = Release|Any CPU
		{EEB227C1-AFD4-D983-B00C-A72AFC461C88}.Debug|Any CPU.ActiveCfg = Debug|Any CPU
		{EEB227C1-AFD4-D983-B00C-A72AFC461C88}.Debug|Any CPU.Build.0 = Debug|Any CPU
		{EEB227C1-AFD4-D983-B00C-A72AFC461C88}.Release|Any CPU.ActiveCfg = Release|Any CPU
		{EEB227C1-AFD4-D983-B00C-A72AFC461C88}.Release|Any CPU.Build.0 = Release|Any CPU
	EndGlobalSection
	GlobalSection(SolutionProperties) = preSolution
		HideSolutionNode = FALSE
	EndGlobalSection
EndGlobal
