
Microsoft Visual Studio Solution File, Format Version 12.00
# Visual Studio 2015
Project("{FAE04EC0-301F-11D3-BF4B-00C04F79EFBC}") = "RoseHFSM", "RoseHFSM.csproj", "{BF15C3B0-E896-BFA3-F8B7-801B405E64F2}"
EndProject
Project("{FAE04EC0-301F-11D3-BF4B-00C04F79EFBC}") = "RoseHFSM.Editor", "RoseHFSM.Editor.csproj", "{35C672F5-3F7E-AD48-D605-2873D4288FA2}"
EndProject
Global
	GlobalSection(SolutionConfigurationPlatforms) = preSolution
		Debug|Any CPU = Debug|Any CPU
		Release|Any CPU = Release|Any CPU
	EndGlobalSection
	GlobalSection(ProjectConfigurationPlatforms) = postSolution
		{BF15C3B0-E896-BFA3-F8B7-801B405E64F2}.Debug|Any CPU.ActiveCfg = Debug|Any CPU
		{BF15C3B0-E896-BFA3-F8B7-801B405E64F2}.Debug|Any CPU.Build.0 = Debug|Any CPU
		{BF15C3B0-E896-BFA3-F8B7-801B405E64F2}.Release|Any CPU.ActiveCfg = Release|Any CPU
		{BF15C3B0-E896-BFA3-F8B7-801B405E64F2}.Release|Any CPU.Build.0 = Release|Any CPU
		{35C672F5-3F7E-AD48-D605-2873D4288FA2}.Debug|Any CPU.ActiveCfg = Debug|Any CPU
		{35C672F5-3F7E-AD48-D605-2873D4288FA2}.Debug|Any CPU.Build.0 = Debug|Any CPU
		{35C672F5-3F7E-AD48-D605-2873D4288FA2}.Release|Any CPU.ActiveCfg = Release|Any CPU
		{35C672F5-3F7E-AD48-D605-2873D4288FA2}.Release|Any CPU.Build.0 = Release|Any CPU
	EndGlobalSection
	GlobalSection(SolutionProperties) = preSolution
		HideSolutionNode = FALSE
	EndGlobalSection
EndGlobal
